
Microsoft Visual Studio Solution File, Format Version 12.00
# Visual Studio Version 17
VisualStudioVersion = 17.4.33403.182
MinimumVisualStudioVersion = 10.0.40219.1
Project("{9A19103F-16F7-4668-BE54-9A1E7A4F7556}") = "MagicVilla_API", "MagicVilla_API\MagicVilla_API.csproj", "{C147353C-E0A0-44A1-BA47-DF86969725B6}"
EndProject
Project("{FAE04EC0-301F-11D3-BF4B-00C04F79EFBC}") = "MagicVilla_Web", "MagicVilla_Web\MagicVilla_Web.csproj", "{5D2E86F8-5753-4794-93C6-3BFAF7D1D2F2}"
EndProject
Global
	GlobalSection(SolutionConfigurationPlatforms) = preSolution
		Debug|Any CPU = Debug|Any CPU
		Release|Any CPU = Release|Any CPU
	EndGlobalSection
	GlobalSection(ProjectConfigurationPlatforms) = postSolution
		{C147353C-E0A0-44A1-BA47-DF86969725B6}.Debug|Any CPU.ActiveCfg = Debug|Any CPU
		{C147353C-E0A0-44A1-BA47-DF86969725B6}.Debug|Any CPU.Build.0 = Debug|Any CPU
		{C147353C-E0A0-44A1-BA47-DF86969725B6}.Release|Any CPU.ActiveCfg = Release|Any CPU
		{C147353C-E0A0-44A1-BA47-DF86969725B6}.Release|Any CPU.Build.0 = Release|Any CPU
		{5D2E86F8-5753-4794-93C6-3BFAF7D1D2F2}.Debug|Any CPU.ActiveCfg = Debug|Any CPU
		{5D2E86F8-5753-4794-93C6-3BFAF7D1D2F2}.Debug|Any CPU.Build.0 = Debug|Any CPU
		{5D2E86F8-5753-4794-93C6-3BFAF7D1D2F2}.Release|Any CPU.ActiveCfg = Release|Any CPU
		{5D2E86F8-5753-4794-93C6-3BFAF7D1D2F2}.Release|Any CPU.Build.0 = Release|Any CPU
	EndGlobalSection
	GlobalSection(SolutionProperties) = preSolution
		HideSolutionNode = FALSE
	EndGlobalSection
	GlobalSection(ExtensibilityGlobals) = postSolution
		SolutionGuid = {74250149-82FC-4E1B-930E-F7C338B16692}
	EndGlobalSection
EndGlobal
